
Microsoft Visual Studio Solution File, Format Version 12.00
# Visual Studio Version 17
VisualStudioVersion = 17.7.34009.444
MinimumVisualStudioVersion = 10.0.40219.1
Project("{2150E333-8FDC-42A3-9474-1A3956D46DE8}") = "Domain", "Domain", "{A23085CA-0C84-4FAA-A6CD-CD0228C50B0C}"
EndProject
Project("{2150E333-8FDC-42A3-9474-1A3956D46DE8}") = "Application", "Application", "{26738BD8-7C4E-44F7-B917-87B71E88261E}"
EndProject
Project("{2150E333-8FDC-42A3-9474-1A3956D46DE8}") = "Infrastructure", "Infrastructure", "{D57C1BEB-DD59-48DF-B8B8-305F4994D936}"
EndProject
Project("{2150E333-8FDC-42A3-9474-1A3956D46DE8}") = "Presentation", "Presentation", "{D4969E5A-D741-4980-80E4-63CAFD74D915}"
EndProject
Project("{2150E333-8FDC-42A3-9474-1A3956D46DE8}") = "Tests", "Tests", "{42B77451-EF2A-4BCE-BF08-2E266EFA157A}"
EndProject
Project("{2150E333-8FDC-42A3-9474-1A3956D46DE8}") = "Websites", "Websites", "{1202519D-792C-41AB-8DD7-02EC8FD9A039}"
EndProject
Project("{2150E333-8FDC-42A3-9474-1A3956D46DE8}") = "Apis", "Apis", "{D32B4B4A-392F-400A-8CDC-898A0975D88C}"
EndProject
Project("{2150E333-8FDC-42A3-9474-1A3956D46DE8}") = "Interfaces", "Interfaces", "{6F036A4C-CC97-4553-94A3-D6F35FD011EC}"
EndProject
Project("{2150E333-8FDC-42A3-9474-1A3956D46DE8}") = "Persistence", "Persistence", "{4CB21D8F-217E-4B8D-99F7-82D9146D53F8}"
EndProject
Global
	GlobalSection(SolutionProperties) = preSolution
		HideSolutionNode = FALSE
	EndGlobalSection
	GlobalSection(NestedProjects) = preSolution
		{1202519D-792C-41AB-8DD7-02EC8FD9A039} = {D4969E5A-D741-4980-80E4-63CAFD74D915}
		{D32B4B4A-392F-400A-8CDC-898A0975D88C} = {D4969E5A-D741-4980-80E4-63CAFD74D915}
		{6F036A4C-CC97-4553-94A3-D6F35FD011EC} = {26738BD8-7C4E-44F7-B917-87B71E88261E}
		{4CB21D8F-217E-4B8D-99F7-82D9146D53F8} = {D57C1BEB-DD59-48DF-B8B8-305F4994D936}
	EndGlobalSection
	GlobalSection(ExtensibilityGlobals) = postSolution
		SolutionGuid = {41743A4C-3AFD-4B99-995C-2048F8EB0BCF}
	EndGlobalSection
EndGlobal
